
Microsoft Visual Studio Solution File, Format Version 12.00
# Visual Studio Version 17
VisualStudioVersion = 17.14.36202.13
MinimumVisualStudioVersion = 10.0.40219.1
Project("{FAE04EC0-301F-11D3-BF4B-00C04F79EFBC}") = "Atlas.Api", "Atlas.Api\Atlas.Api.csproj", "{42F31B02-E4BA-4033-9961-8A4B30B806DD}"
EndProject
Project("{FAE04EC0-301F-11D3-BF4B-00C04F79EFBC}") = "Atlas.Api.Tests", "Atlas.Api.Tests\Atlas.Api.Tests.csproj", "{7756020C-07C0-4D8F-97DC-72A456C08528}"
EndProject
Project("{FAE04EC0-301F-11D3-BF4B-00C04F79EFBC}") = "Atlas.Api.IntegrationTests", "Atlas.Api.IntegrationTests\Atlas.Api.IntegrationTests.csproj", "{6624E3BB-A6B7-4672-8460-0131DCF7FCB5}"
EndProject
Project("{FAE04EC0-301F-11D3-BF4B-00C04F79EFBC}") = "Atlas.DbMigrator", "Atlas.DbMigrator\Atlas.DbMigrator.csproj", "{DD71AA6D-5561-4C99-AF64-ADFA3059C76C}"
EndProject
Project("{FAE04EC0-301F-11D3-BF4B-00C04F79EFBC}") = "Atlas.DbMigrator.Tests", "Atlas.DbMigrator.Tests\Atlas.DbMigrator.Tests.csproj", "{959C82FE-FC42-45B5-8410-26F6295EC1E6}"
EndProject
Project("{FAE04EC0-301F-11D3-BF4B-00C04F79EFBC}") = "Atlas.DbMigrator.IntegrationTests", "Atlas.DbMigrator.IntegrationTests\Atlas.DbMigrator.IntegrationTests.csproj", "{82F699F1-A38D-44B3-B81F-5DC929D0F381}"
EndProject
Project("{2150E333-8FDC-42A3-9474-1A3956D46DE8}") = "Solution Items", "Solution Items", "{8EC462FD-D22E-90A8-E5CE-7E832BA40C5D}"
	ProjectSection(SolutionItems) = preProject
		coverage.runsettings = coverage.runsettings
		CoverageScript.txt = CoverageScript.txt
		Prompts.txt = Prompts.txt
	EndProjectSection
EndProject
Project("{2150E333-8FDC-42A3-9474-1A3956D46DE8}") = "DBMigrator", "DBMigrator", "{02EA681E-C7D8-13C7-8484-4AC65E1B71E8}"
EndProject
Global
	GlobalSection(SolutionConfigurationPlatforms) = preSolution
		Debug|Any CPU = Debug|Any CPU
		Release|Any CPU = Release|Any CPU
	EndGlobalSection
	GlobalSection(ProjectConfigurationPlatforms) = postSolution
		{42F31B02-E4BA-4033-9961-8A4B30B806DD}.Debug|Any CPU.ActiveCfg = Debug|Any CPU
		{42F31B02-E4BA-4033-9961-8A4B30B806DD}.Debug|Any CPU.Build.0 = Debug|Any CPU
		{42F31B02-E4BA-4033-9961-8A4B30B806DD}.Release|Any CPU.ActiveCfg = Release|Any CPU
		{42F31B02-E4BA-4033-9961-8A4B30B806DD}.Release|Any CPU.Build.0 = Release|Any CPU
		{7756020C-07C0-4D8F-97DC-72A456C08528}.Debug|Any CPU.ActiveCfg = Debug|Any CPU
		{7756020C-07C0-4D8F-97DC-72A456C08528}.Debug|Any CPU.Build.0 = Debug|Any CPU
		{7756020C-07C0-4D8F-97DC-72A456C08528}.Release|Any CPU.ActiveCfg = Release|Any CPU
		{6624E3BB-A6B7-4672-8460-0131DCF7FCB5}.Debug|Any CPU.ActiveCfg = Debug|Any CPU
		{6624E3BB-A6B7-4672-8460-0131DCF7FCB5}.Debug|Any CPU.Build.0 = Debug|Any CPU
		{6624E3BB-A6B7-4672-8460-0131DCF7FCB5}.Release|Any CPU.ActiveCfg = Release|Any CPU
		{6624E3BB-A6B7-4672-8460-0131DCF7FCB5}.Release|Any CPU.Build.0 = Release|Any CPU
		{DD71AA6D-5561-4C99-AF64-ADFA3059C76C}.Debug|Any CPU.ActiveCfg = Debug|Any CPU
		{DD71AA6D-5561-4C99-AF64-ADFA3059C76C}.Debug|Any CPU.Build.0 = Debug|Any CPU
		{DD71AA6D-5561-4C99-AF64-ADFA3059C76C}.Release|Any CPU.ActiveCfg = Release|Any CPU
		{DD71AA6D-5561-4C99-AF64-ADFA3059C76C}.Release|Any CPU.Build.0 = Release|Any CPU
		{959C82FE-FC42-45B5-8410-26F6295EC1E6}.Debug|Any CPU.ActiveCfg = Debug|Any CPU
		{959C82FE-FC42-45B5-8410-26F6295EC1E6}.Debug|Any CPU.Build.0 = Debug|Any CPU
		{959C82FE-FC42-45B5-8410-26F6295EC1E6}.Release|Any CPU.ActiveCfg = Release|Any CPU
		{959C82FE-FC42-45B5-8410-26F6295EC1E6}.Release|Any CPU.Build.0 = Release|Any CPU
		{82F699F1-A38D-44B3-B81F-5DC929D0F381}.Debug|Any CPU.ActiveCfg = Debug|Any CPU
		{82F699F1-A38D-44B3-B81F-5DC929D0F381}.Debug|Any CPU.Build.0 = Debug|Any CPU
		{82F699F1-A38D-44B3-B81F-5DC929D0F381}.Release|Any CPU.ActiveCfg = Release|Any CPU
		{82F699F1-A38D-44B3-B81F-5DC929D0F381}.Release|Any CPU.Build.0 = Release|Any CPU
	EndGlobalSection
	GlobalSection(SolutionProperties) = preSolution
		HideSolutionNode = FALSE
	EndGlobalSection
	GlobalSection(NestedProjects) = preSolution
		{DD71AA6D-5561-4C99-AF64-ADFA3059C76C} = {02EA681E-C7D8-13C7-8484-4AC65E1B71E8}
		{959C82FE-FC42-45B5-8410-26F6295EC1E6} = {02EA681E-C7D8-13C7-8484-4AC65E1B71E8}
		{82F699F1-A38D-44B3-B81F-5DC929D0F381} = {02EA681E-C7D8-13C7-8484-4AC65E1B71E8}
	EndGlobalSection
	GlobalSection(ExtensibilityGlobals) = postSolution
		SolutionGuid = {375DE852-7D01-48D8-B374-47DB306398B4}
	EndGlobalSection
EndGlobal
